// !$*UTF8*$!
{
	archiveVersion = 1;
	classes = {
	};
	objectVersion = 46;
	objects = {

/* Begin PBXBuildFile section */
		0A0D46891484129400B6B32D /* PlaceViewController.m in Sources */ = {isa = PBXBuildFile; fileRef = 0A0D46881484129400B6B32D /* PlaceViewController.m */; };
		0A0D468D1484141C00B6B32D /* PlacePageBG.png in Resources */ = {isa = PBXBuildFile; fileRef = 0A0D468B1484141C00B6B32D /* PlacePageBG.png */; };
		0A0D468E1484141C00B6B32D /* PlacePageBG@2x.png in Resources */ = {isa = PBXBuildFile; fileRef = 0A0D468C1484141C00B6B32D /* PlacePageBG@2x.png */; };
		0A0D46941484186F00B6B32D /* PlaceMapView.m in Sources */ = {isa = PBXBuildFile; fileRef = 0A0D46931484186F00B6B32D /* PlaceMapView.m */; };
		0A4DD155148890C600B8D329 /* bespontaneous_btn.png in Resources */ = {isa = PBXBuildFile; fileRef = 0A4DD14E148890C600B8D329 /* bespontaneous_btn.png */; };
		0A4DD156148890C600B8D329 /* bespontaneous_btn@2x.png in Resources */ = {isa = PBXBuildFile; fileRef = 0A4DD14F148890C600B8D329 /* bespontaneous_btn@2x.png */; };
		0A4DD157148890C600B8D329 /* bgpattern.png in Resources */ = {isa = PBXBuildFile; fileRef = 0A4DD150148890C600B8D329 /* bgpattern.png */; };
		0A4DD158148890C600B8D329 /* bgpattern@2x.png in Resources */ = {isa = PBXBuildFile; fileRef = 0A4DD151148890C600B8D329 /* bgpattern@2x.png */; };
		0A4DD159148890C600B8D329 /* gear.png in Resources */ = {isa = PBXBuildFile; fileRef = 0A4DD152148890C600B8D329 /* gear.png */; };
		0A4DD15A148890C600B8D329 /* gear@2x.png in Resources */ = {isa = PBXBuildFile; fileRef = 0A4DD153148890C600B8D329 /* gear@2x.png */; };
		0A4DD15B148890C600B8D329 /* mocaptrackscreen@2x.png in Resources */ = {isa = PBXBuildFile; fileRef = 0A4DD154148890C600B8D329 /* mocaptrackscreen@2x.png */; };
		0A56357B14845608000A1EEE /* PlaceDetailView.m in Sources */ = {isa = PBXBuildFile; fileRef = 0A56357A14845608000A1EEE /* PlaceDetailView.m */; };
		0A56357D1484564F000A1EEE /* PlaceDetailView.xib in Resources */ = {isa = PBXBuildFile; fileRef = 0A56357C1484564F000A1EEE /* PlaceDetailView.xib */; };
		0A7C254414836C11003DA519 /* UIKit.framework in Frameworks */ = {isa = PBXBuildFile; fileRef = 0A7C254314836C11003DA519 /* UIKit.framework */; };
		0A7C254614836C11003DA519 /* Foundation.framework in Frameworks */ = {isa = PBXBuildFile; fileRef = 0A7C254514836C11003DA519 /* Foundation.framework */; };
		0A7C254814836C11003DA519 /* CoreGraphics.framework in Frameworks */ = {isa = PBXBuildFile; fileRef = 0A7C254714836C11003DA519 /* CoreGraphics.framework */; };
		0A7C254E14836C11003DA519 /* InfoPlist.strings in Resources */ = {isa = PBXBuildFile; fileRef = 0A7C254C14836C11003DA519 /* InfoPlist.strings */; };
		0A7C255014836C11003DA519 /* main.m in Sources */ = {isa = PBXBuildFile; fileRef = 0A7C254F14836C11003DA519 /* main.m */; };
		0A7C255414836C11003DA519 /* AppDelegate.m in Sources */ = {isa = PBXBuildFile; fileRef = 0A7C255314836C11003DA519 /* AppDelegate.m */; };
		0A7C255714836C11003DA519 /* ViewController.m in Sources */ = {isa = PBXBuildFile; fileRef = 0A7C255614836C11003DA519 /* ViewController.m */; };
		0A7C255A14836C11003DA519 /* ViewController.xib in Resources */ = {isa = PBXBuildFile; fileRef = 0A7C255814836C11003DA519 /* ViewController.xib */; };
		0A7C256214837097003DA519 /* PlaceViewController.xib in Resources */ = {isa = PBXBuildFile; fileRef = 0A7C256014837097003DA519 /* PlaceViewController.xib */; };
		0A7C2565148374DC003DA519 /* CustomNavBar.m in Sources */ = {isa = PBXBuildFile; fileRef = 0A7C2564148374DC003DA519 /* CustomNavBar.m */; };
		0A7C25681483781A003DA519 /* CustomNavBG.png in Resources */ = {isa = PBXBuildFile; fileRef = 0A7C25671483781A003DA519 /* CustomNavBG.png */; };
		0A7C256A14837836003DA519 /* CustomNavBG@2x.png in Resources */ = {isa = PBXBuildFile; fileRef = 0A7C256914837836003DA519 /* CustomNavBG@2x.png */; };
		0A9CB69114880F0B00E7263B /* mocaptrackscreen.png in Resources */ = {isa = PBXBuildFile; fileRef = 0A9CB69014880F0B00E7263B /* mocaptrackscreen.png */; };
		0A9CB6941488123000E7263B /* MocapOverlayView.m in Sources */ = {isa = PBXBuildFile; fileRef = 0A9CB6931488123000E7263B /* MocapOverlayView.m */; };
		0AB658FC14845AE500716B6E /* PlaceMapView.xib in Resources */ = {isa = PBXBuildFile; fileRef = 0AB658FB14845AE500716B6E /* PlaceMapView.xib */; };
		0AB6590014845C8200716B6E /* MapKit.framework in Frameworks */ = {isa = PBXBuildFile; fileRef = 0AB658FE14845C6C00716B6E /* MapKit.framework */; };
		0AB659031484622B00716B6E /* ShowButton.png in Resources */ = {isa = PBXBuildFile; fileRef = 0AB659011484622B00716B6E /* ShowButton.png */; };
		0AB659041484622B00716B6E /* ShowButton@2x.png in Resources */ = {isa = PBXBuildFile; fileRef = 0AB659021484622B00716B6E /* ShowButton@2x.png */; };
		0AB659071484629D00716B6E /* NotMe.png in Resources */ = {isa = PBXBuildFile; fileRef = 0AB659051484629D00716B6E /* NotMe.png */; };
		0AB659081484629D00716B6E /* NotMe@2x.png in Resources */ = {isa = PBXBuildFile; fileRef = 0AB659061484629D00716B6E /* NotMe@2x.png */; };
		0AB6590B148463D800716B6E /* FeedbackButton.png in Resources */ = {isa = PBXBuildFile; fileRef = 0AB65909148463D800716B6E /* FeedbackButton.png */; };
		0AB6590C148463D800716B6E /* FeedbackButton@2x.png in Resources */ = {isa = PBXBuildFile; fileRef = 0AB6590A148463D800716B6E /* FeedbackButton@2x.png */; };
		0AB659161484697200716B6E /* icecream.png in Resources */ = {isa = PBXBuildFile; fileRef = 0AB659141484697200716B6E /* icecream.png */; };
		0AB659171484697200716B6E /* icecream@2x.png in Resources */ = {isa = PBXBuildFile; fileRef = 0AB659151484697200716B6E /* icecream@2x.png */; };
		0ABE131114838154003FFE86 /* SettingsViewController.xib in Resources */ = {isa = PBXBuildFile; fileRef = 0ABE130F14838154003FFE86 /* SettingsViewController.xib */; };
		0ABE13151483860E003FFE86 /* SettingsViewController.m in Sources */ = {isa = PBXBuildFile; fileRef = 0ABE13141483860E003FFE86 /* SettingsViewController.m */; };
		0ABE13181483898C003FFE86 /* SettingsBG.png in Resources */ = {isa = PBXBuildFile; fileRef = 0ABE13161483898C003FFE86 /* SettingsBG.png */; };
		0ABE13191483898C003FFE86 /* SettingsBG@2x.png in Resources */ = {isa = PBXBuildFile; fileRef = 0ABE13171483898C003FFE86 /* SettingsBG@2x.png */; };
		0AFD656014837D6500537619 /* Santa Fe LET.ttf in Resources */ = {isa = PBXBuildFile; fileRef = 0AFD655F14837D6500537619 /* Santa Fe LET.ttf */; };
/* End PBXBuildFile section */

/* Begin PBXFileReference section */
		0A0D46871484129400B6B32D /* PlaceViewController.h */ = {isa = PBXFileReference; fileEncoding = 4; lastKnownFileType = sourcecode.c.h; path = PlaceViewController.h; sourceTree = "<group>"; };
		0A0D46881484129400B6B32D /* PlaceViewController.m */ = {isa = PBXFileReference; fileEncoding = 4; lastKnownFileType = sourcecode.c.objc; path = PlaceViewController.m; sourceTree = "<group>"; };
		0A0D468B1484141C00B6B32D /* PlacePageBG.png */ = {isa = PBXFileReference; lastKnownFileType = image.png; name = PlacePageBG.png; path = png/PlacePageBG.png; sourceTree = "<group>"; };
		0A0D468C1484141C00B6B32D /* PlacePageBG@2x.png */ = {isa = PBXFileReference; lastKnownFileType = image.png; name = "PlacePageBG@2x.png"; path = "png/PlacePageBG@2x.png"; sourceTree = "<group>"; };
		0A0D46921484186F00B6B32D /* PlaceMapView.h */ = {isa = PBXFileReference; fileEncoding = 4; lastKnownFileType = sourcecode.c.h; name = PlaceMapView.h; path = ../PlaceMapView.h; sourceTree = "<group>"; };
		0A0D46931484186F00B6B32D /* PlaceMapView.m */ = {isa = PBXFileReference; fileEncoding = 4; lastKnownFileType = sourcecode.c.objc; name = PlaceMapView.m; path = ../PlaceMapView.m; sourceTree = "<group>"; };
		0A4DD14E148890C600B8D329 /* bespontaneous_btn.png */ = {isa = PBXFileReference; lastKnownFileType = image.png; name = bespontaneous_btn.png; path = png/bespontaneous_btn.png; sourceTree = "<group>"; };
		0A4DD14F148890C600B8D329 /* bespontaneous_btn@2x.png */ = {isa = PBXFileReference; lastKnownFileType = image.png; name = "bespontaneous_btn@2x.png"; path = "png/bespontaneous_btn@2x.png"; sourceTree = "<group>"; };
		0A4DD150148890C600B8D329 /* bgpattern.png */ = {isa = PBXFileReference; lastKnownFileType = image.png; name = bgpattern.png; path = png/bgpattern.png; sourceTree = "<group>"; };
		0A4DD151148890C600B8D329 /* bgpattern@2x.png */ = {isa = PBXFileReference; lastKnownFileType = image.png; name = "bgpattern@2x.png"; path = "png/bgpattern@2x.png"; sourceTree = "<group>"; };
		0A4DD152148890C600B8D329 /* gear.png */ = {isa = PBXFileReference; lastKnownFileType = image.png; name = gear.png; path = png/gear.png; sourceTree = "<group>"; };
		0A4DD153148890C600B8D329 /* gear@2x.png */ = {isa = PBXFileReference; lastKnownFileType = image.png; name = "gear@2x.png"; path = "png/gear@2x.png"; sourceTree = "<group>"; };
		0A4DD154148890C600B8D329 /* mocaptrackscreen@2x.png */ = {isa = PBXFileReference; lastKnownFileType = image.png; name = "mocaptrackscreen@2x.png"; path = "png/mocaptrackscreen@2x.png"; sourceTree = "<group>"; };
		0A56357914845608000A1EEE /* PlaceDetailView.h */ = {isa = PBXFileReference; fileEncoding = 4; lastKnownFileType = sourcecode.c.h; path = PlaceDetailView.h; sourceTree = "<group>"; };
		0A56357A14845608000A1EEE /* PlaceDetailView.m */ = {isa = PBXFileReference; fileEncoding = 4; lastKnownFileType = sourcecode.c.objc; path = PlaceDetailView.m; sourceTree = "<group>"; };
		0A56357C1484564F000A1EEE /* PlaceDetailView.xib */ = {isa = PBXFileReference; fileEncoding = 4; lastKnownFileType = file.xib; path = PlaceDetailView.xib; sourceTree = "<group>"; };
		0A7C253F14836C11003DA519 /* Sponty.app */ = {isa = PBXFileReference; explicitFileType = wrapper.application; includeInIndex = 0; path = Sponty.app; sourceTree = BUILT_PRODUCTS_DIR; };
		0A7C254314836C11003DA519 /* UIKit.framework */ = {isa = PBXFileReference; lastKnownFileType = wrapper.framework; name = UIKit.framework; path = System/Library/Frameworks/UIKit.framework; sourceTree = SDKROOT; };
		0A7C254514836C11003DA519 /* Foundation.framework */ = {isa = PBXFileReference; lastKnownFileType = wrapper.framework; name = Foundation.framework; path = System/Library/Frameworks/Foundation.framework; sourceTree = SDKROOT; };
		0A7C254714836C11003DA519 /* CoreGraphics.framework */ = {isa = PBXFileReference; lastKnownFileType = wrapper.framework; name = CoreGraphics.framework; path = System/Library/Frameworks/CoreGraphics.framework; sourceTree = SDKROOT; };
		0A7C254B14836C11003DA519 /* Sponty-Info.plist */ = {isa = PBXFileReference; lastKnownFileType = text.plist.xml; path = "Sponty-Info.plist"; sourceTree = "<group>"; };
		0A7C254D14836C11003DA519 /* en */ = {isa = PBXFileReference; lastKnownFileType = text.plist.strings; name = en; path = en.lproj/InfoPlist.strings; sourceTree = "<group>"; };
		0A7C254F14836C11003DA519 /* main.m */ = {isa = PBXFileReference; lastKnownFileType = sourcecode.c.objc; path = main.m; sourceTree = "<group>"; };
		0A7C255114836C11003DA519 /* Sponty-Prefix.pch */ = {isa = PBXFileReference; lastKnownFileType = sourcecode.c.h; path = "Sponty-Prefix.pch"; sourceTree = "<group>"; };
		0A7C255214836C11003DA519 /* AppDelegate.h */ = {isa = PBXFileReference; lastKnownFileType = sourcecode.c.h; path = AppDelegate.h; sourceTree = "<group>"; };
		0A7C255314836C11003DA519 /* AppDelegate.m */ = {isa = PBXFileReference; lastKnownFileType = sourcecode.c.objc; path = AppDelegate.m; sourceTree = "<group>"; };
		0A7C255514836C11003DA519 /* ViewController.h */ = {isa = PBXFileReference; lastKnownFileType = sourcecode.c.h; path = ViewController.h; sourceTree = "<group>"; };
		0A7C255614836C11003DA519 /* ViewController.m */ = {isa = PBXFileReference; lastKnownFileType = sourcecode.c.objc; path = ViewController.m; sourceTree = "<group>"; };
		0A7C255914836C11003DA519 /* en */ = {isa = PBXFileReference; lastKnownFileType = file.xib; name = en; path = en.lproj/ViewController.xib; sourceTree = "<group>"; };
		0A7C256114837097003DA519 /* en */ = {isa = PBXFileReference; lastKnownFileType = file.xib; name = en; path = en.lproj/PlaceViewController.xib; sourceTree = "<group>"; };
		0A7C2563148374DC003DA519 /* CustomNavBar.h */ = {isa = PBXFileReference; fileEncoding = 4; lastKnownFileType = sourcecode.c.h; path = CustomNavBar.h; sourceTree = "<group>"; };
		0A7C2564148374DC003DA519 /* CustomNavBar.m */ = {isa = PBXFileReference; fileEncoding = 4; lastKnownFileType = sourcecode.c.objc; path = CustomNavBar.m; sourceTree = "<group>"; };
		0A7C25671483781A003DA519 /* CustomNavBG.png */ = {isa = PBXFileReference; lastKnownFileType = image.png; name = CustomNavBG.png; path = png/CustomNavBG.png; sourceTree = "<group>"; };
		0A7C256914837836003DA519 /* CustomNavBG@2x.png */ = {isa = PBXFileReference; lastKnownFileType = image.png; name = "CustomNavBG@2x.png"; path = "png/CustomNavBG@2x.png"; sourceTree = "<group>"; };
		0A9CB69014880F0B00E7263B /* mocaptrackscreen.png */ = {isa = PBXFileReference; lastKnownFileType = image.png; name = mocaptrackscreen.png; path = png/mocaptrackscreen.png; sourceTree = "<group>"; };
		0A9CB6921488123000E7263B /* MocapOverlayView.h */ = {isa = PBXFileReference; fileEncoding = 4; lastKnownFileType = sourcecode.c.h; path = MocapOverlayView.h; sourceTree = "<group>"; };
		0A9CB6931488123000E7263B /* MocapOverlayView.m */ = {isa = PBXFileReference; fileEncoding = 4; lastKnownFileType = sourcecode.c.objc; path = MocapOverlayView.m; sourceTree = "<group>"; };
		0AB658FB14845AE500716B6E /* PlaceMapView.xib */ = {isa = PBXFileReference; fileEncoding = 4; lastKnownFileType = file.xib; path = PlaceMapView.xib; sourceTree = "<group>"; };
		0AB658FE14845C6C00716B6E /* MapKit.framework */ = {isa = PBXFileReference; lastKnownFileType = wrapper.framework; name = MapKit.framework; path = System/Library/Frameworks/MapKit.framework; sourceTree = SDKROOT; };
		0AB659011484622B00716B6E /* ShowButton.png */ = {isa = PBXFileReference; lastKnownFileType = image.png; name = ShowButton.png; path = png/ShowButton.png; sourceTree = "<group>"; };
		0AB659021484622B00716B6E /* ShowButton@2x.png */ = {isa = PBXFileReference; lastKnownFileType = image.png; name = "ShowButton@2x.png"; path = "png/ShowButton@2x.png"; sourceTree = "<group>"; };
		0AB659051484629D00716B6E /* NotMe.png */ = {isa = PBXFileReference; lastKnownFileType = image.png; name = NotMe.png; path = png/NotMe.png; sourceTree = "<group>"; };
		0AB659061484629D00716B6E /* NotMe@2x.png */ = {isa = PBXFileReference; lastKnownFileType = image.png; name = "NotMe@2x.png"; path = "png/NotMe@2x.png"; sourceTree = "<group>"; };
		0AB65909148463D800716B6E /* FeedbackButton.png */ = {isa = PBXFileReference; lastKnownFileType = image.png; name = FeedbackButton.png; path = png/FeedbackButton.png; sourceTree = "<group>"; };
		0AB6590A148463D800716B6E /* FeedbackButton@2x.png */ = {isa = PBXFileReference; lastKnownFileType = image.png; name = "FeedbackButton@2x.png"; path = "png/FeedbackButton@2x.png"; sourceTree = "<group>"; };
		0AB659141484697200716B6E /* icecream.png */ = {isa = PBXFileReference; lastKnownFileType = image.png; name = icecream.png; path = png/icecream.png; sourceTree = "<group>"; };
		0AB659151484697200716B6E /* icecream@2x.png */ = {isa = PBXFileReference; lastKnownFileType = image.png; name = "icecream@2x.png"; path = "png/icecream@2x.png"; sourceTree = "<group>"; };
		0ABE131014838154003FFE86 /* en */ = {isa = PBXFileReference; lastKnownFileType = file.xib; name = en; path = en.lproj/SettingsViewController.xib; sourceTree = "<group>"; };
		0ABE13131483860E003FFE86 /* SettingsViewController.h */ = {isa = PBXFileReference; fileEncoding = 4; lastKnownFileType = sourcecode.c.h; path = SettingsViewController.h; sourceTree = "<group>"; };
		0ABE13141483860E003FFE86 /* SettingsViewController.m */ = {isa = PBXFileReference; fileEncoding = 4; lastKnownFileType = sourcecode.c.objc; path = SettingsViewController.m; sourceTree = "<group>"; };
		0ABE13161483898C003FFE86 /* SettingsBG.png */ = {isa = PBXFileReference; lastKnownFileType = image.png; name = SettingsBG.png; path = png/SettingsBG.png; sourceTree = "<group>"; };
		0ABE13171483898C003FFE86 /* SettingsBG@2x.png */ = {isa = PBXFileReference; lastKnownFileType = image.png; name = "SettingsBG@2x.png"; path = "png/SettingsBG@2x.png"; sourceTree = "<group>"; };
		0AFD655F14837D6500537619 /* Santa Fe LET.ttf */ = {isa = PBXFileReference; lastKnownFileType = file; name = "Santa Fe LET.ttf"; path = "Sponty/Santa Fe LET.ttf"; sourceTree = "<group>"; };
/* End PBXFileReference section */

/* Begin PBXFrameworksBuildPhase section */
		0A7C253C14836C11003DA519 /* Frameworks */ = {
			isa = PBXFrameworksBuildPhase;
			buildActionMask = 2147483647;
			files = (
				0AB6590014845C8200716B6E /* MapKit.framework in Frameworks */,
				0A7C254414836C11003DA519 /* UIKit.framework in Frameworks */,
				0A7C254614836C11003DA519 /* Foundation.framework in Frameworks */,
				0A7C254814836C11003DA519 /* CoreGraphics.framework in Frameworks */,
			);
			runOnlyForDeploymentPostprocessing = 0;
		};
/* End PBXFrameworksBuildPhase section */

/* Begin PBXGroup section */
		0A7C253414836C10003DA519 = {
			isa = PBXGroup;
			children = (
				0A7C25661483780B003DA519 /* png */,
				0A7C254914836C11003DA519 /* Sponty */,
				0A7C254214836C11003DA519 /* Frameworks */,
				0A7C254014836C11003DA519 /* Products */,
			);
			sourceTree = "<group>";
		};
		0A7C254014836C11003DA519 /* Products */ = {
			isa = PBXGroup;
			children = (
				0A7C253F14836C11003DA519 /* Sponty.app */,
			);
			name = Products;
			sourceTree = "<group>";
		};
		0A7C254214836C11003DA519 /* Frameworks */ = {
			isa = PBXGroup;
			children = (
				0A7C254314836C11003DA519 /* UIKit.framework */,
				0A7C254514836C11003DA519 /* Foundation.framework */,
				0A7C254714836C11003DA519 /* CoreGraphics.framework */,
			);
			name = Frameworks;
			sourceTree = "<group>";
		};
		0A7C254914836C11003DA519 /* Sponty */ = {
			isa = PBXGroup;
			children = (
				0A7C255214836C11003DA519 /* AppDelegate.h */,
				0A7C255314836C11003DA519 /* AppDelegate.m */,
				0A7C2563148374DC003DA519 /* CustomNavBar.h */,
				0A7C2564148374DC003DA519 /* CustomNavBar.m */,
				0A7C255514836C11003DA519 /* ViewController.h */,
				0A7C255614836C11003DA519 /* ViewController.m */,
				0A56357914845608000A1EEE /* PlaceDetailView.h */,
				0A56357A14845608000A1EEE /* PlaceDetailView.m */,
				0A0D46921484186F00B6B32D /* PlaceMapView.h */,
				0A0D46931484186F00B6B32D /* PlaceMapView.m */,
				0A0D46871484129400B6B32D /* PlaceViewController.h */,
				0A0D46881484129400B6B32D /* PlaceViewController.m */,
				0A9CB6921488123000E7263B /* MocapOverlayView.h */,
				0A9CB6931488123000E7263B /* MocapOverlayView.m */,
				0ABE13131483860E003FFE86 /* SettingsViewController.h */,
				0ABE13141483860E003FFE86 /* SettingsViewController.m */,
				0A7C255814836C11003DA519 /* ViewController.xib */,
				0ABE130F14838154003FFE86 /* SettingsViewController.xib */,
				0AB658FB14845AE500716B6E /* PlaceMapView.xib */,
				0A7C256014837097003DA519 /* PlaceViewController.xib */,
				0A56357C1484564F000A1EEE /* PlaceDetailView.xib */,
				0A7C254A14836C11003DA519 /* Supporting Files */,
			);
			path = Sponty;
			sourceTree = "<group>";
		};
		0A7C254A14836C11003DA519 /* Supporting Files */ = {
			isa = PBXGroup;
			children = (
				0AB658FE14845C6C00716B6E /* MapKit.framework */,
				0A7C254B14836C11003DA519 /* Sponty-Info.plist */,
				0A7C254C14836C11003DA519 /* InfoPlist.strings */,
				0A7C254F14836C11003DA519 /* main.m */,
				0A7C255114836C11003DA519 /* Sponty-Prefix.pch */,
			);
			name = "Supporting Files";
			sourceTree = "<group>";
		};
		0A7C25661483780B003DA519 /* png */ = {
			isa = PBXGroup;
			children = (
				0A4DD14E148890C600B8D329 /* bespontaneous_btn.png */,
				0A4DD14F148890C600B8D329 /* bespontaneous_btn@2x.png */,
				0A4DD150148890C600B8D329 /* bgpattern.png */,
				0A4DD151148890C600B8D329 /* bgpattern@2x.png */,
				0A4DD152148890C600B8D329 /* gear.png */,
				0A4DD153148890C600B8D329 /* gear@2x.png */,
				0A4DD154148890C600B8D329 /* mocaptrackscreen@2x.png */,
				0A9CB69014880F0B00E7263B /* mocaptrackscreen.png */,
				0AB659141484697200716B6E /* icecream.png */,
				0AB659151484697200716B6E /* icecream@2x.png */,
				0AB65909148463D800716B6E /* FeedbackButton.png */,
				0AB6590A148463D800716B6E /* FeedbackButton@2x.png */,
				0AB659051484629D00716B6E /* NotMe.png */,
				0AB659061484629D00716B6E /* NotMe@2x.png */,
				0AB659011484622B00716B6E /* ShowButton.png */,
				0AB659021484622B00716B6E /* ShowButton@2x.png */,
				0A0D468B1484141C00B6B32D /* PlacePageBG.png */,
				0A0D468C1484141C00B6B32D /* PlacePageBG@2x.png */,
				0AFD655F14837D6500537619 /* Santa Fe LET.ttf */,
				0ABE13161483898C003FFE86 /* SettingsBG.png */,
				0ABE13171483898C003FFE86 /* SettingsBG@2x.png */,
				0A7C256914837836003DA519 /* CustomNavBG@2x.png */,
				0A7C25671483781A003DA519 /* CustomNavBG.png */,
			);
			name = png;
			sourceTree = "<group>";
		};
/* End PBXGroup section */

/* Begin PBXNativeTarget section */
		0A7C253E14836C11003DA519 /* Sponty */ = {
			isa = PBXNativeTarget;
			buildConfigurationList = 0A7C255D14836C11003DA519 /* Build configuration list for PBXNativeTarget "Sponty" */;
			buildPhases = (
				0A7C253B14836C11003DA519 /* Sources */,
				0A7C253C14836C11003DA519 /* Frameworks */,
				0A7C253D14836C11003DA519 /* Resources */,
			);
			buildRules = (
			);
			dependencies = (
			);
			name = Sponty;
			productName = Sponty;
			productReference = 0A7C253F14836C11003DA519 /* Sponty.app */;
			productType = "com.apple.product-type.application";
		};
/* End PBXNativeTarget section */

/* Begin PBXProject section */
		0A7C253614836C10003DA519 /* Project object */ = {
			isa = PBXProject;
			attributes = {
				LastUpgradeCheck = 0420;
				ORGANIZATIONNAME = "Apple Inc";
			};
			buildConfigurationList = 0A7C253914836C10003DA519 /* Build configuration list for PBXProject "Sponty" */;
			compatibilityVersion = "Xcode 3.2";
			developmentRegion = English;
			hasScannedForEncodings = 0;
			knownRegions = (
				en,
			);
			mainGroup = 0A7C253414836C10003DA519;
			productRefGroup = 0A7C254014836C11003DA519 /* Products */;
			projectDirPath = "";
			projectRoot = "";
			targets = (
				0A7C253E14836C11003DA519 /* Sponty */,
			);
		};
/* End PBXProject section */

/* Begin PBXResourcesBuildPhase section */
		0A7C253D14836C11003DA519 /* Resources */ = {
			isa = PBXResourcesBuildPhase;
			buildActionMask = 2147483647;
			files = (
				0A7C254E14836C11003DA519 /* InfoPlist.strings in Resources */,
				0A7C255A14836C11003DA519 /* ViewController.xib in Resources */,
				0A7C256214837097003DA519 /* PlaceViewController.xib in Resources */,
				0A7C25681483781A003DA519 /* CustomNavBG.png in Resources */,
				0A7C256A14837836003DA519 /* CustomNavBG@2x.png in Resources */,
				0AFD656014837D6500537619 /* Santa Fe LET.ttf in Resources */,
				0ABE131114838154003FFE86 /* SettingsViewController.xib in Resources */,
				0ABE13181483898C003FFE86 /* SettingsBG.png in Resources */,
				0ABE13191483898C003FFE86 /* SettingsBG@2x.png in Resources */,
				0A0D468D1484141C00B6B32D /* PlacePageBG.png in Resources */,
				0A0D468E1484141C00B6B32D /* PlacePageBG@2x.png in Resources */,
				0A56357D1484564F000A1EEE /* PlaceDetailView.xib in Resources */,
				0AB658FC14845AE500716B6E /* PlaceMapView.xib in Resources */,
				0AB659031484622B00716B6E /* ShowButton.png in Resources */,
				0AB659041484622B00716B6E /* ShowButton@2x.png in Resources */,
				0AB659071484629D00716B6E /* NotMe.png in Resources */,
				0AB659081484629D00716B6E /* NotMe@2x.png in Resources */,
				0AB6590B148463D800716B6E /* FeedbackButton.png in Resources */,
				0AB6590C148463D800716B6E /* FeedbackButton@2x.png in Resources */,
				0AB659161484697200716B6E /* icecream.png in Resources */,
				0AB659171484697200716B6E /* icecream@2x.png in Resources */,
				0A9CB69114880F0B00E7263B /* mocaptrackscreen.png in Resources */,
				0A4DD155148890C600B8D329 /* bespontaneous_btn.png in Resources */,
				0A4DD156148890C600B8D329 /* bespontaneous_btn@2x.png in Resources */,
				0A4DD157148890C600B8D329 /* bgpattern.png in Resources */,
				0A4DD158148890C600B8D329 /* bgpattern@2x.png in Resources */,
				0A4DD159148890C600B8D329 /* gear.png in Resources */,
				0A4DD15A148890C600B8D329 /* gear@2x.png in Resources */,
				0A4DD15B148890C600B8D329 /* mocaptrackscreen@2x.png in Resources */,
			);
			runOnlyForDeploymentPostprocessing = 0;
		};
/* End PBXResourcesBuildPhase section */

/* Begin PBXSourcesBuildPhase section */
		0A7C253B14836C11003DA519 /* Sources */ = {
			isa = PBXSourcesBuildPhase;
			buildActionMask = 2147483647;
			files = (
				0A7C255014836C11003DA519 /* main.m in Sources */,
				0A7C255414836C11003DA519 /* AppDelegate.m in Sources */,
				0A7C255714836C11003DA519 /* ViewController.m in Sources */,
				0A7C2565148374DC003DA519 /* CustomNavBar.m in Sources */,
				0ABE13151483860E003FFE86 /* SettingsViewController.m in Sources */,
				0A0D46891484129400B6B32D /* PlaceViewController.m in Sources */,
				0A0D46941484186F00B6B32D /* PlaceMapView.m in Sources */,
				0A56357B14845608000A1EEE /* PlaceDetailView.m in Sources */,
				0A9CB6941488123000E7263B /* MocapOverlayView.m in Sources */,
			);
			runOnlyForDeploymentPostprocessing = 0;
		};
/* End PBXSourcesBuildPhase section */

/* Begin PBXVariantGroup section */
		0A7C254C14836C11003DA519 /* InfoPlist.strings */ = {
			isa = PBXVariantGroup;
			children = (
				0A7C254D14836C11003DA519 /* en */,
			);
			name = InfoPlist.strings;
			sourceTree = "<group>";
		};
		0A7C255814836C11003DA519 /* ViewController.xib */ = {
			isa = PBXVariantGroup;
			children = (
				0A7C255914836C11003DA519 /* en */,
			);
			name = ViewController.xib;
			sourceTree = "<group>";
		};
		0A7C256014837097003DA519 /* PlaceViewController.xib */ = {
			isa = PBXVariantGroup;
			children = (
				0A7C256114837097003DA519 /* en */,
			);
			name = PlaceViewController.xib;
			sourceTree = "<group>";
		};
		0ABE130F14838154003FFE86 /* SettingsViewController.xib */ = {
			isa = PBXVariantGroup;
			children = (
				0ABE131014838154003FFE86 /* en */,
			);
			name = SettingsViewController.xib;
			sourceTree = "<group>";
		};
/* End PBXVariantGroup section */

/* Begin XCBuildConfiguration section */
		0A7C255B14836C11003DA519 /* Debug */ = {
			isa = XCBuildConfiguration;
			buildSettings = {
				ALWAYS_SEARCH_USER_PATHS = NO;
				ARCHS = (
					armv6,
					armv7,
				);
				CLANG_ENABLE_OBJC_ARC = YES;
				"CODE_SIGN_IDENTITY[sdk=iphoneos*]" = "iPhone Developer";
				COPY_PHASE_STRIP = NO;
				GCC_C_LANGUAGE_STANDARD = gnu99;
				GCC_DYNAMIC_NO_PIC = NO;
				GCC_OPTIMIZATION_LEVEL = 0;
				GCC_PREPROCESSOR_DEFINITIONS = (
					"DEBUG=1",
					"$(inherited)",
				);
				GCC_SYMBOLS_PRIVATE_EXTERN = NO;
				GCC_VERSION = com.apple.compilers.llvm.clang.1_0;
				GCC_WARN_ABOUT_MISSING_PROTOTYPES = YES;
				GCC_WARN_ABOUT_RETURN_TYPE = YES;
				GCC_WARN_UNUSED_VARIABLE = YES;
				IPHONEOS_DEPLOYMENT_TARGET = 5.0;
				SDKROOT = iphoneos;
			};
			name = Debug;
		};
		0A7C255C14836C11003DA519 /* Release */ = {
			isa = XCBuildConfiguration;
			buildSettings = {
				ALWAYS_SEARCH_USER_PATHS = NO;
				ARCHS = (
					armv6,
					armv7,
				);
				CLANG_ENABLE_OBJC_ARC = YES;
				"CODE_SIGN_IDENTITY[sdk=iphoneos*]" = "iPhone Developer";
				COPY_PHASE_STRIP = YES;
				GCC_C_LANGUAGE_STANDARD = gnu99;
				GCC_VERSION = com.apple.compilers.llvm.clang.1_0;
				GCC_WARN_ABOUT_MISSING_PROTOTYPES = YES;
				GCC_WARN_ABOUT_RETURN_TYPE = YES;
				GCC_WARN_UNUSED_VARIABLE = YES;
				IPHONEOS_DEPLOYMENT_TARGET = 5.0;
				OTHER_CFLAGS = "-DNS_BLOCK_ASSERTIONS=1";
				SDKROOT = iphoneos;
				VALIDATE_PRODUCT = YES;
			};
			name = Release;
		};
		0A7C255E14836C11003DA519 /* Debug */ = {
			isa = XCBuildConfiguration;
			buildSettings = {
				CLANG_ENABLE_OBJC_ARC = NO;
				GCC_PRECOMPILE_PREFIX_HEADER = YES;
				GCC_PREFIX_HEADER = "Sponty/Sponty-Prefix.pch";
				INFOPLIST_FILE = "Sponty/Sponty-Info.plist";
				IPHONEOS_DEPLOYMENT_TARGET = 4.2;
				PRODUCT_NAME = "$(TARGET_NAME)";
				WRAPPER_EXTENSION = app;
			};
			name = Debug;
		};
		0A7C255F14836C11003DA519 /* Release */ = {
			isa = XCBuildConfiguration;
			buildSettings = {
				CLANG_ENABLE_OBJC_ARC = NO;
				GCC_PRECOMPILE_PREFIX_HEADER = YES;
				GCC_PREFIX_HEADER = "Sponty/Sponty-Prefix.pch";
				INFOPLIST_FILE = "Sponty/Sponty-Info.plist";
				IPHONEOS_DEPLOYMENT_TARGET = 4.2;
				PRODUCT_NAME = "$(TARGET_NAME)";
				WRAPPER_EXTENSION = app;
			};
			name = Release;
		};
/* End XCBuildConfiguration section */

/* Begin XCConfigurationList section */
		0A7C253914836C10003DA519 /* Build configuration list for PBXProject "Sponty" */ = {
			isa = XCConfigurationList;
			buildConfigurations = (
				0A7C255B14836C11003DA519 /* Debug */,
				0A7C255C14836C11003DA519 /* Release */,
			);
			defaultConfigurationIsVisible = 0;
			defaultConfigurationName = Release;
		};
		0A7C255D14836C11003DA519 /* Build configuration list for PBXNativeTarget "Sponty" */ = {
			isa = XCConfigurationList;
			buildConfigurations = (
				0A7C255E14836C11003DA519 /* Debug */,
				0A7C255F14836C11003DA519 /* Release */,
			);
			defaultConfigurationIsVisible = 0;
			defaultConfigurationName = Release;
		};
/* End XCConfigurationList section */
	};
	rootObject = 0A7C253614836C10003DA519 /* Project object */;
}
